
Microsoft Visual Studio Solution File, Format Version 12.00
# Visual Studio Version 17
VisualStudioVersion = 17.8.34525.116
MinimumVisualStudioVersion = 10.0.40219.1
Project("{FAE04EC0-301F-11D3-BF4B-00C04F79EFBC}") = "BlazorApp1", "BlazorApp1\BlazorApp1\BlazorApp1.csproj", "{2E5030EE-BF2B-432F-A33C-79D5321817B5}"
EndProject
Project("{FAE04EC0-301F-11D3-BF4B-00C04F79EFBC}") = "BlazorApp1.Client", "BlazorApp1\BlazorApp1.Client\BlazorApp1.Client.csproj", "{87A67BA8-5D70-4C88-85A6-13D25184E38A}"
EndProject
Global
	GlobalSection(SolutionConfigurationPlatforms) = preSolution
		Debug|Any CPU = Debug|Any CPU
		Release|Any CPU = Release|Any CPU
	EndGlobalSection
	GlobalSection(ProjectConfigurationPlatforms) = postSolution
		{2E5030EE-BF2B-432F-A33C-79D5321817B5}.Debug|Any CPU.ActiveCfg = Debug|Any CPU
		{2E5030EE-BF2B-432F-A33C-79D5321817B5}.Debug|Any CPU.Build.0 = Debug|Any CPU
		{2E5030EE-BF2B-432F-A33C-79D5321817B5}.Release|Any CPU.ActiveCfg = Release|Any CPU
		{2E5030EE-BF2B-432F-A33C-79D5321817B5}.Release|Any CPU.Build.0 = Release|Any CPU
		{87A67BA8-5D70-4C88-85A6-13D25184E38A}.Debug|Any CPU.ActiveCfg = Debug|Any CPU
		{87A67BA8-5D70-4C88-85A6-13D25184E38A}.Debug|Any CPU.Build.0 = Debug|Any CPU
		{87A67BA8-5D70-4C88-85A6-13D25184E38A}.Release|Any CPU.ActiveCfg = Release|Any CPU
		{87A67BA8-5D70-4C88-85A6-13D25184E38A}.Release|Any CPU.Build.0 = Release|Any CPU
	EndGlobalSection
	GlobalSection(SolutionProperties) = preSolution
		HideSolutionNode = FALSE
	EndGlobalSection
	GlobalSection(ExtensibilityGlobals) = postSolution
		SolutionGuid = {DF14EEDD-701A-4CC5-B659-E5A7B85DA219}
	EndGlobalSection
EndGlobal
